
Microsoft Visual Studio Solution File, Format Version 12.00
# Visual Studio Version 16
VisualStudioVersion = 16.0.30320.27
MinimumVisualStudioVersion = 10.0.40219.1
Project("{FAE04EC0-301F-11D3-BF4B-00C04F79EFBC}") = "API_Pedidos", "API_Pedidos.csproj", "{8BF5DA71-878F-4DA5-8F07-53D28861D7C6}"
EndProject
Global
	GlobalSection(SolutionConfigurationPlatforms) = preSolution
		Debug|Any CPU = Debug|Any CPU
		Release|Any CPU = Release|Any CPU
	EndGlobalSection
	GlobalSection(ProjectConfigurationPlatforms) = postSolution
		{8BF5DA71-878F-4DA5-8F07-53D28861D7C6}.Debug|Any CPU.ActiveCfg = Debug|Any CPU
		{8BF5DA71-878F-4DA5-8F07-53D28861D7C6}.Debug|Any CPU.Build.0 = Debug|Any CPU
		{8BF5DA71-878F-4DA5-8F07-53D28861D7C6}.Release|Any CPU.ActiveCfg = Release|Any CPU
		{8BF5DA71-878F-4DA5-8F07-53D28861D7C6}.Release|Any CPU.Build.0 = Release|Any CPU
	EndGlobalSection
	GlobalSection(SolutionProperties) = preSolution
		HideSolutionNode = FALSE
	EndGlobalSection
	GlobalSection(ExtensibilityGlobals) = postSolution
		SolutionGuid = {ACA21B4B-B520-44B8-A03C-B1D57C1714CB}
	EndGlobalSection
EndGlobal
